dependencies:
  espressif/cmake_utilities:
    component_hash: 6983933aa165d5c1bd8ff3716f8873b4dd8577020d9176d22d8568b139ff8753
    source:
      service_url: https://api.components.espressif.com/
      type: service
    version: 0.1.0
  espressif/esp_tinyusb:
    component_hash: 5014eb7e3d2043d13d553e1dc60bf3aa31eb03449868fac775097eed6e66ba57
    source:
      service_url: https://api.components.espressif.com/
      type: service
    version: 1.1.0
  espressif/led_indicator:
    component_hash: daa844acf7886b78fa4ea25c9dd6a4fb3a83f793a307187026be1c237fba632a
    source:
      service_url: https://api.components.espressif.com/
      type: service
    version: 0.3.0
  espressif/led_strip:
    component_hash: f0ae6ac96108743deeea95a3ff61e3759de986b6a63aa0f3a471415e4085da9e
    source:
      service_url: https://api.components.espressif.com/
      type: service
    version: 2.3.0
  espressif/tinyusb:
    component_hash: 820a2eef39c7ff0b810e859efd7035a4e5b9b44e77c49020a50ef0668fc941ae
    source:
      service_url: https://api.components.espressif.com/
      type: service
    version: 0.14.2
  idf:
    component_hash: null
    source:
      type: idf
    version: 5.1.0
manifest_hash: fe85fccc0aa47966e8f4c12cce8d023b4711697bc08b48a5b21103b9da2d6e1f
target: esp32s2
version: 1.0.0
